
Microsoft Visual Studio Solution File, Format Version 12.00
# Visual Studio Version 16
VisualStudioVersion = 16.0.30128.74
MinimumVisualStudioVersion = 10.0.40219.1
Project("{9A19103F-16F7-4668-BE54-9A1E7A4F7556}") = "DavinciJ15TokenBot", "DavinciJ15TokenBot.csproj", "{06CD366D-EC5E-4404-AA4E-498BBA8AAD3F}"
EndProject
Project("{9A19103F-16F7-4668-BE54-9A1E7A4F7556}") = "DavinciJ15TokenBot.Common", "..\DavinciJ15TokenBot.Common\DavinciJ15TokenBot.Common.csproj", "{5E069D5F-73B5-47B5-BFF4-D3E9E571F593}"
EndProject
Project("{9A19103F-16F7-4668-BE54-9A1E7A4F7556}") = "DavinciJ15TokenBot.EthereumConnector.Etherscan", "..\DavinciJ15TokenBot.EthereumConnector.Etherscan\DavinciJ15TokenBot.EthereumConnector.Etherscan.csproj", "{1F7F8569-A166-45E5-9BE4-9B8BAC789388}"
EndProject
Project("{9A19103F-16F7-4668-BE54-9A1E7A4F7556}") = "DavinciJ15TokenBot.MessageSigner.Nethereum", "..\DavinciJ15TokenBot.MessageSigner.Nethereum\DavinciJ15TokenBot.MessageSigner.Nethereum.csproj", "{C37B1FBC-5312-447F-9E10-CC9402843919}"
EndProject
Project("{9A19103F-16F7-4668-BE54-9A1E7A4F7556}") = "DavinciJ15TokenBot.DataManager.LiteDB", "..\DavinciJ15TokenBot.DataManager.LiteDB\DavinciJ15TokenBot.DataManager.LiteDB.csproj", "{44D687A4-F818-46BB-BA23-61ABF7A2C2BD}"
EndProject
Project("{9A19103F-16F7-4668-BE54-9A1E7A4F7556}") = "DavinciJ15TokenBot.EthereumConnector.EthNode", "..\DavinciJ15TokenBot.EthereumConnector.EthNode\DavinciJ15TokenBot.EthereumConnector.EthNode.csproj", "{EE13E2B7-7B8A-4CE7-93EC-63A506598EB9}"
EndProject
Project("{9A19103F-16F7-4668-BE54-9A1E7A4F7556}") = "DavinciJ15TokenBot.DataManager.EF", "..\DavinciJ15TokenBot.DataManager.EF\DavinciJ15TokenBot.DataManager.EF.csproj", "{8E18BAC2-E2DF-4386-B2F9-6BBA03AEC9D6}"
EndProject
Project("{9A19103F-16F7-4668-BE54-9A1E7A4F7556}") = "DavinciJ15TokenBot.Purger.Console", "..\DavinciJ15TokenBot.Purger.Console\DavinciJ15TokenBot.Purger.Console.csproj", "{50235CE6-8EB6-466C-985A-CFDF09AA299E}"
EndProject
Global
	GlobalSection(SolutionConfigurationPlatforms) = preSolution
		Debug|Any CPU = Debug|Any CPU
		DockerRelease|Any CPU = DockerRelease|Any CPU
		Release|Any CPU = Release|Any CPU
	EndGlobalSection
	GlobalSection(ProjectConfigurationPlatforms) = postSolution
		{06CD366D-EC5E-4404-AA4E-498BBA8AAD3F}.Debug|Any CPU.ActiveCfg = Debug|Any CPU
		{06CD366D-EC5E-4404-AA4E-498BBA8AAD3F}.Debug|Any CPU.Build.0 = Debug|Any CPU
		{06CD366D-EC5E-4404-AA4E-498BBA8AAD3F}.DockerRelease|Any CPU.ActiveCfg = DockerRelease|Any CPU
		{06CD366D-EC5E-4404-AA4E-498BBA8AAD3F}.DockerRelease|Any CPU.Build.0 = DockerRelease|Any CPU
		{06CD366D-EC5E-4404-AA4E-498BBA8AAD3F}.Release|Any CPU.ActiveCfg = Release|Any CPU
		{06CD366D-EC5E-4404-AA4E-498BBA8AAD3F}.Release|Any CPU.Build.0 = Release|Any CPU
		{5E069D5F-73B5-47B5-BFF4-D3E9E571F593}.Debug|Any CPU.ActiveCfg = Debug|Any CPU
		{5E069D5F-73B5-47B5-BFF4-D3E9E571F593}.Debug|Any CPU.Build.0 = Debug|Any CPU
		{5E069D5F-73B5-47B5-BFF4-D3E9E571F593}.DockerRelease|Any CPU.ActiveCfg = DockerRelease|Any CPU
		{5E069D5F-73B5-47B5-BFF4-D3E9E571F593}.DockerRelease|Any CPU.Build.0 = DockerRelease|Any CPU
		{5E069D5F-73B5-47B5-BFF4-D3E9E571F593}.Release|Any CPU.ActiveCfg = Release|Any CPU
		{5E069D5F-73B5-47B5-BFF4-D3E9E571F593}.Release|Any CPU.Build.0 = Release|Any CPU
		{1F7F8569-A166-45E5-9BE4-9B8BAC789388}.Debug|Any CPU.ActiveCfg = Debug|Any CPU
		{1F7F8569-A166-45E5-9BE4-9B8BAC789388}.Debug|Any CPU.Build.0 = Debug|Any CPU
		{1F7F8569-A166-45E5-9BE4-9B8BAC789388}.DockerRelease|Any CPU.ActiveCfg = DockerRelease|Any CPU
		{1F7F8569-A166-45E5-9BE4-9B8BAC789388}.DockerRelease|Any CPU.Build.0 = DockerRelease|Any CPU
		{1F7F8569-A166-45E5-9BE4-9B8BAC789388}.Release|Any CPU.ActiveCfg = Release|Any CPU
		{1F7F8569-A166-45E5-9BE4-9B8BAC789388}.Release|Any CPU.Build.0 = Release|Any CPU
		{C37B1FBC-5312-447F-9E10-CC9402843919}.Debug|Any CPU.ActiveCfg = Debug|Any CPU
		{C37B1FBC-5312-447F-9E10-CC9402843919}.Debug|Any CPU.Build.0 = Debug|Any CPU
		{C37B1FBC-5312-447F-9E10-CC9402843919}.DockerRelease|Any CPU.ActiveCfg = DockerRelease|Any CPU
		{C37B1FBC-5312-447F-9E10-CC9402843919}.DockerRelease|Any CPU.Build.0 = DockerRelease|Any CPU
		{C37B1FBC-5312-447F-9E10-CC9402843919}.Release|Any CPU.ActiveCfg = Release|Any CPU
		{C37B1FBC-5312-447F-9E10-CC9402843919}.Release|Any CPU.Build.0 = Release|Any CPU
		{44D687A4-F818-46BB-BA23-61ABF7A2C2BD}.Debug|Any CPU.ActiveCfg = Debug|Any CPU
		{44D687A4-F818-46BB-BA23-61ABF7A2C2BD}.Debug|Any CPU.Build.0 = Debug|Any CPU
		{44D687A4-F818-46BB-BA23-61ABF7A2C2BD}.DockerRelease|Any CPU.ActiveCfg = DockerRelease|Any CPU
		{44D687A4-F818-46BB-BA23-61ABF7A2C2BD}.DockerRelease|Any CPU.Build.0 = DockerRelease|Any CPU
		{44D687A4-F818-46BB-BA23-61ABF7A2C2BD}.Release|Any CPU.ActiveCfg = Release|Any CPU
		{44D687A4-F818-46BB-BA23-61ABF7A2C2BD}.Release|Any CPU.Build.0 = Release|Any CPU
		{EE13E2B7-7B8A-4CE7-93EC-63A506598EB9}.Debug|Any CPU.ActiveCfg = Debug|Any CPU
		{EE13E2B7-7B8A-4CE7-93EC-63A506598EB9}.Debug|Any CPU.Build.0 = Debug|Any CPU
		{EE13E2B7-7B8A-4CE7-93EC-63A506598EB9}.DockerRelease|Any CPU.ActiveCfg = DockerRelease|Any CPU
		{EE13E2B7-7B8A-4CE7-93EC-63A506598EB9}.DockerRelease|Any CPU.Build.0 = DockerRelease|Any CPU
		{EE13E2B7-7B8A-4CE7-93EC-63A506598EB9}.Release|Any CPU.ActiveCfg = Release|Any CPU
		{EE13E2B7-7B8A-4CE7-93EC-63A506598EB9}.Release|Any CPU.Build.0 = Release|Any CPU
		{8E18BAC2-E2DF-4386-B2F9-6BBA03AEC9D6}.Debug|Any CPU.ActiveCfg = Debug|Any CPU
		{8E18BAC2-E2DF-4386-B2F9-6BBA03AEC9D6}.Debug|Any CPU.Build.0 = Debug|Any CPU
		{8E18BAC2-E2DF-4386-B2F9-6BBA03AEC9D6}.DockerRelease|Any CPU.ActiveCfg = DockerRelease|Any CPU
		{8E18BAC2-E2DF-4386-B2F9-6BBA03AEC9D6}.DockerRelease|Any CPU.Build.0 = DockerRelease|Any CPU
		{8E18BAC2-E2DF-4386-B2F9-6BBA03AEC9D6}.Release|Any CPU.ActiveCfg = Release|Any CPU
		{8E18BAC2-E2DF-4386-B2F9-6BBA03AEC9D6}.Release|Any CPU.Build.0 = Release|Any CPU
		{50235CE6-8EB6-466C-985A-CFDF09AA299E}.Debug|Any CPU.ActiveCfg = Debug|Any CPU
		{50235CE6-8EB6-466C-985A-CFDF09AA299E}.Debug|Any CPU.Build.0 = Debug|Any CPU
		{50235CE6-8EB6-466C-985A-CFDF09AA299E}.DockerRelease|Any CPU.ActiveCfg = DockerRelease|Any CPU
		{50235CE6-8EB6-466C-985A-CFDF09AA299E}.DockerRelease|Any CPU.Build.0 = DockerRelease|Any CPU
		{50235CE6-8EB6-466C-985A-CFDF09AA299E}.Release|Any CPU.ActiveCfg = Release|Any CPU
		{50235CE6-8EB6-466C-985A-CFDF09AA299E}.Release|Any CPU.Build.0 = Release|Any CPU
	EndGlobalSection
	GlobalSection(SolutionProperties) = preSolution
		HideSolutionNode = FALSE
	EndGlobalSection
	GlobalSection(ExtensibilityGlobals) = postSolution
		SolutionGuid = {BA7EF334-8D1A-43E1-9EFA-3F81F18C7897}
	EndGlobalSection
EndGlobal
